github.com/rwcarlsen/goexif v0.0.0-20150520140647-709fab3d192d h1:0/OVHHIrQqGZxHRbrX3tJx95MkIbzV44KE66ZGkhH+0=
github.com/rwcarlsen/goexif v0.0.0-20150520140647-709fab3d192d/go.mod h1:hPqNNc0+uJM6H+SuU8sEs5K5IQeKccPqeSjfgcKGgPk=
github.com/stretchr/testify v0.0.0-20150527144555-232e8563676c h1:K56CZP/W9Pm5E3ypakxzGPHfgy+kH3qbGPl+2BZ3o60=
github.com/stretchr/testify v0.0.0-20150527144555-232e8563676c/go.mod h1:a8OnRcib4nhh0OaRAV+Yts87kKdq0PP7pXfy6kDkUVs=
